<?xml version="1.0" encoding="utf-8"?>
<Project ToolsVersion="4.0" xmlns="http://schemas.microsoft.com/developer/msbuild/2003">
  <ItemGroup>
    <Filter Include="Source Files">
      <UniqueIdentifier>{c137cd76-0f02-40c1-8204-1ec00f6fb804}</UniqueIdentifier>
      <Extensions>cpp;c;cxx;rc;def;r;odl;idl;hpj;bat;f90;for;f;fpp</Extensions>
    </Filter>
    <Filter Include="Header Files">
      <UniqueIdentifier>{41ff12e9-4cc0-4668-b3d7-8a89efba07da}</UniqueIdentifier>
      <Extensions>h;hpp;hxx;hm;inl;fi;fd</Extensions>
    </Filter>
    <Filter Include="Resource Files">
      <UniqueIdentifier>{6736ad2a-d603-4b23-8eb8-98d531f6b4aa}</UniqueIdentifier>
      <Extensions>ico;cur;bmp;dlg;rc2;rct;bin;rgs;gif;jpg;jpeg;jpe</Extensions>
    </Filter>
  </ItemGroup>
  <ItemGroup>
    <ClCompile Include="AnimationControlsPage.cpp">
      <Filter>Source Files</Filter>
    </ClCompile>
    <ClCompile Include="AnimationDlg.cpp">
      <Filter>Source Files</Filter>
    </ClCompile>
    <ClCompile Include="AnimationOptionsPage.cpp">
      <Filter>Source Files</Filter>
    </ClCompile>
    <ClCompile Include="AxesPage.cpp">
      <Filter>Source Files</Filter>
    </ClCompile>
    <ClCompile Include="BackgroundPage.cpp">
      <Filter>Source Files</Filter>
    </ClCompile>
    <ClCompile Include="BitmapResolutionDlg.cpp">
      <Filter>Source Files</Filter>
    </ClCompile>
    <ClCompile Include="BoundingBoxPage.cpp">
      <Filter>Source Files</Filter>
    </ClCompile>
    <ClCompile Include="ColorBarColorsPage.cpp">
      <Filter>Source Files</Filter>
    </ClCompile>
    <ClCompile Include="ColorBarDataSource.cpp">
      <Filter>Source Files</Filter>
    </ClCompile>
    <ClCompile Include="ColorBarDlg.cpp">
      <Filter>Source Files</Filter>
    </ClCompile>
    <ClCompile Include="ColorBarLimitsPage.cpp">
      <Filter>Source Files</Filter>
    </ClCompile>
    <ClCompile Include="ColorBarPreviewListBox.cpp">
      <Filter>Source Files</Filter>
    </ClCompile>
    <ClCompile Include="ColorBarSizePage.cpp">
      <Filter>Source Files</Filter>
    </ClCompile>
    <ClCompile Include="ColorBarTextPage.cpp">
      <Filter>Source Files</Filter>
    </ClCompile>
    <ClCompile Include="CropControlsPage.cpp">
      <Filter>Source Files</Filter>
    </ClCompile>
    <ClCompile Include="CropDlg.cpp">
      <Filter>Source Files</Filter>
    </ClCompile>
    <ClCompile Include="CropOptionsPage.cpp">
      <Filter>Source Files</Filter>
    </ClCompile>
    <ClCompile Include="CropVectorsPage.cpp">
      <Filter>Source Files</Filter>
    </ClCompile>
    <ClCompile Include="CustomIsosurfacePage.cpp">
      <Filter>Source Files</Filter>
    </ClCompile>
    <ClCompile Include="DataDlg.cpp">
      <Filter>Source Files</Filter>
    </ClCompile>
    <ClCompile Include="DataFilesDialog.cpp">
      <Filter>Source Files</Filter>
    </ClCompile>
    <ClCompile Include="DataSelectionDlg.cpp">
      <Filter>Source Files</Filter>
    </ClCompile>
    <ClCompile Include="DisplaySizeDlg.cpp">
      <Filter>Source Files</Filter>
    </ClCompile>
    <ClCompile Include="ExportAnimationDlg.cpp">
      <Filter>Source Files</Filter>
    </ClCompile>
    <ClCompile Include="GeometryDlg.cpp">
      <Filter>Source Files</Filter>
    </ClCompile>
    <ClCompile Include="GridDlg.cpp">
      <Filter>Source Files</Filter>
    </ClCompile>
    <ClCompile Include="GridLinesPage.cpp">
      <Filter>Source Files</Filter>
    </ClCompile>
    <ClCompile Include="GridShellPage.cpp">
      <Filter>Source Files</Filter>
    </ClCompile>
    <ClCompile Include="ImageGenerationDlg.cpp">
      <Filter>Source Files</Filter>
    </ClCompile>
    <ClCompile Include="IsosurfaceDlg.cpp">
      <Filter>Source Files</Filter>
    </ClCompile>
    <ClCompile Include="LightingDlg.cpp">
      <Filter>Source Files</Filter>
    </ClCompile>
    <ClCompile Include="LightsPage.cpp">
      <Filter>Source Files</Filter>
    </ClCompile>
    <ClCompile Include="MainFrm.cpp">
      <Filter>Source Files</Filter>
    </ClCompile>
    <ClCompile Include="ModelFeatureListBox.cpp">
      <Filter>Source Files</Filter>
    </ClCompile>
    <ClCompile Include="ModelFeaturesDlg.cpp">
      <Filter>Source Files</Filter>
    </ClCompile>
    <ClCompile Include="ModelViewer.cpp">
      <Filter>Source Files</Filter>
    </ClCompile>
    <ClCompile Include="Mvdoc.cpp">
      <Filter>Source Files</Filter>
    </ClCompile>
    <ClCompile Include="Mvview.cpp">
      <Filter>Source Files</Filter>
    </ClCompile>
    <ClCompile Include="OverlayBoundsPage.cpp">
      <Filter>Source Files</Filter>
    </ClCompile>
    <ClCompile Include="OverlayControlsPage.cpp">
      <Filter>Source Files</Filter>
    </ClCompile>
    <ClCompile Include="OverlayDlg.cpp">
      <Filter>Source Files</Filter>
    </ClCompile>
    <ClCompile Include="OverlayFilePage.cpp">
      <Filter>Source Files</Filter>
    </ClCompile>
    <ClCompile Include="PathlineDataPage.cpp">
      <Filter>Source Files</Filter>
    </ClCompile>
    <ClCompile Include="PathlinesClippingPage.cpp">
      <Filter>Source Files</Filter>
    </ClCompile>
    <ClCompile Include="PathlinesColorPage.cpp">
      <Filter>Source Files</Filter>
    </ClCompile>
    <ClCompile Include="PathlinesDisplayPage.cpp">
      <Filter>Source Files</Filter>
    </ClCompile>
    <ClCompile Include="PathlinesDlg.cpp">
      <Filter>Source Files</Filter>
    </ClCompile>
    <ClCompile Include="PreferencesDlg.cpp">
      <Filter>Source Files</Filter>
    </ClCompile>
    <ClCompile Include="ProgressWnd.cpp">
      <Filter>Source Files</Filter>
    </ClCompile>
    <ClCompile Include="RegularIsosurfacePage.cpp">
      <Filter>Source Files</Filter>
    </ClCompile>
    <ClCompile Include="ScalarDataPage.cpp">
      <Filter>Source Files</Filter>
    </ClCompile>
    <ClCompile Include="ScalePage.cpp">
      <Filter>Source Files</Filter>
    </ClCompile>
    <ClCompile Include="SolidDlg.cpp">
      <Filter>Source Files</Filter>
    </ClCompile>
    <ClCompile Include="StdAfx.cpp">
      <Filter>Source Files</Filter>
    </ClCompile>
    <ClCompile Include="SubgridPage.cpp">
      <Filter>Source Files</Filter>
    </ClCompile>
    <ClCompile Include="SurfacePage.cpp">
      <Filter>Source Files</Filter>
    </ClCompile>
    <ClCompile Include="VectorControlsPage.cpp">
      <Filter>Source Files</Filter>
    </ClCompile>
    <ClCompile Include="VectorDataPage.cpp">
      <Filter>Source Files</Filter>
    </ClCompile>
    <ClCompile Include="VectorDlg.cpp">
      <Filter>Source Files</Filter>
    </ClCompile>
    <ClCompile Include="VectorOptionsPage.cpp">
      <Filter>Source Files</Filter>
    </ClCompile>
    <ClCompile Include="VectorThresholdPage.cpp">
      <Filter>Source Files</Filter>
    </ClCompile>
    <ClCompile Include="Modflow6DataFilesDlg.cpp">
      <Filter>Source Files</Filter>
    </ClCompile>
    <ClCompile Include="GridDisplayPage.cpp">
      <Filter>Source Files</Filter>
    </ClCompile>
  </ItemGroup>
  <ItemGroup>
    <ResourceCompile Include="ModelViewer.rc">
      <Filter>Source Files</Filter>
    </ResourceCompile>
  </ItemGroup>
  <ItemGroup>
    <ClInclude Include="AnimationControlsPage.h">
      <Filter>Header Files</Filter>
    </ClInclude>
    <ClInclude Include="AnimationDlg.h">
      <Filter>Header Files</Filter>
    </ClInclude>
    <ClInclude Include="AnimationOptionsPage.h">
      <Filter>Header Files</Filter>
    </ClInclude>
    <ClInclude Include="AxesPage.h">
      <Filter>Header Files</Filter>
    </ClInclude>
    <ClInclude Include="BackgroundPage.h">
      <Filter>Header Files</Filter>
    </ClInclude>
    <ClInclude Include="BitmapResolutionDlg.h">
      <Filter>Header Files</Filter>
    </ClInclude>
    <ClInclude Include="BoundingBoxPage.h">
      <Filter>Header Files</Filter>
    </ClInclude>
    <ClInclude Include="ColorBarColorsPage.h">
      <Filter>Header Files</Filter>
    </ClInclude>
    <ClInclude Include="ColorBarDataSource.h">
      <Filter>Header Files</Filter>
    </ClInclude>
    <ClInclude Include="ColorBarDlg.h">
      <Filter>Header Files</Filter>
    </ClInclude>
    <ClInclude Include="ColorBarLimitsPage.h">
      <Filter>Header Files</Filter>
    </ClInclude>
    <ClInclude Include="ColorBarPreviewListBox.h">
      <Filter>Header Files</Filter>
    </ClInclude>
    <ClInclude Include="ColorBarSizePage.h">
      <Filter>Header Files</Filter>
    </ClInclude>
    <ClInclude Include="ColorBarTextPage.h">
      <Filter>Header Files</Filter>
    </ClInclude>
    <ClInclude Include="CropControlsPage.h">
      <Filter>Header Files</Filter>
    </ClInclude>
    <ClInclude Include="CropDlg.h">
      <Filter>Header Files</Filter>
    </ClInclude>
    <ClInclude Include="CropOptionsPage.h">
      <Filter>Header Files</Filter>
    </ClInclude>
    <ClInclude Include="CropVectorsPage.h">
      <Filter>Header Files</Filter>
    </ClInclude>
    <ClInclude Include="CustomIsosurfacePage.h">
      <Filter>Header Files</Filter>
    </ClInclude>
    <ClInclude Include="DataDlg.h">
      <Filter>Header Files</Filter>
    </ClInclude>
    <ClInclude Include="DataFilesDialog.h">
      <Filter>Header Files</Filter>
    </ClInclude>
    <ClInclude Include="DataSelectionDlg.h">
      <Filter>Header Files</Filter>
    </ClInclude>
    <ClInclude Include="DisplaySizeDlg.h">
      <Filter>Header Files</Filter>
    </ClInclude>
    <ClInclude Include="ExportAnimationDlg.h">
      <Filter>Header Files</Filter>
    </ClInclude>
    <ClInclude Include="GeometryDlg.h">
      <Filter>Header Files</Filter>
    </ClInclude>
    <ClInclude Include="GridDlg.h">
      <Filter>Header Files</Filter>
    </ClInclude>
    <ClInclude Include="GridLinesPage.h">
      <Filter>Header Files</Filter>
    </ClInclude>
    <ClInclude Include="GridShellPage.h">
      <Filter>Header Files</Filter>
    </ClInclude>
    <ClInclude Include="ImageGenerationDlg.h">
      <Filter>Header Files</Filter>
    </ClInclude>
    <ClInclude Include="IsosurfaceDlg.h">
      <Filter>Header Files</Filter>
    </ClInclude>
    <ClInclude Include="LightingDlg.h">
      <Filter>Header Files</Filter>
    </ClInclude>
    <ClInclude Include="LightsPage.h">
      <Filter>Header Files</Filter>
    </ClInclude>
    <ClInclude Include="MainFrm.h">
      <Filter>Header Files</Filter>
    </ClInclude>
    <ClInclude Include="ModelFeatureListBox.h">
      <Filter>Header Files</Filter>
    </ClInclude>
    <ClInclude Include="ModelFeaturesDlg.h">
      <Filter>Header Files</Filter>
    </ClInclude>
    <ClInclude Include="ModelViewer.h">
      <Filter>Header Files</Filter>
    </ClInclude>
    <ClInclude Include="MvDoc.h">
      <Filter>Header Files</Filter>
    </ClInclude>
    <ClInclude Include="MvView.h">
      <Filter>Header Files</Filter>
    </ClInclude>
    <ClInclude Include="OverlayBoundsPage.h">
      <Filter>Header Files</Filter>
    </ClInclude>
    <ClInclude Include="OverlayControlsPage.h">
      <Filter>Header Files</Filter>
    </ClInclude>
    <ClInclude Include="OverlayDlg.h">
      <Filter>Header Files</Filter>
    </ClInclude>
    <ClInclude Include="OverlayFilePage.h">
      <Filter>Header Files</Filter>
    </ClInclude>
    <ClInclude Include="PathlineDataPage.h">
      <Filter>Header Files</Filter>
    </ClInclude>
    <ClInclude Include="PathlinesClippingPage.h">
      <Filter>Header Files</Filter>
    </ClInclude>
    <ClInclude Include="PathlinesDisplayPage.h">
      <Filter>Header Files</Filter>
    </ClInclude>
    <ClInclude Include="PathlinesDlg.h">
      <Filter>Header Files</Filter>
    </ClInclude>
    <ClInclude Include="PreferencesDlg.h">
      <Filter>Header Files</Filter>
    </ClInclude>
    <ClInclude Include="ProgressWnd.h">
      <Filter>Header Files</Filter>
    </ClInclude>
    <ClInclude Include="RegularIsosurfacePage.h">
      <Filter>Header Files</Filter>
    </ClInclude>
    <ClInclude Include="Resource.h">
      <Filter>Header Files</Filter>
    </ClInclude>
    <ClInclude Include="ScalarDataPage.h">
      <Filter>Header Files</Filter>
    </ClInclude>
    <ClInclude Include="ScalePage.h">
      <Filter>Header Files</Filter>
    </ClInclude>
    <ClInclude Include="SolidDlg.h">
      <Filter>Header Files</Filter>
    </ClInclude>
    <ClInclude Include="StdAfx.h">
      <Filter>Header Files</Filter>
    </ClInclude>
    <ClInclude Include="SubgridPage.h">
      <Filter>Header Files</Filter>
    </ClInclude>
    <ClInclude Include="SurfacePage.h">
      <Filter>Header Files</Filter>
    </ClInclude>
    <ClInclude Include="VectorControlsPage.h">
      <Filter>Header Files</Filter>
    </ClInclude>
    <ClInclude Include="VectorDataPage.h">
      <Filter>Header Files</Filter>
    </ClInclude>
    <ClInclude Include="VectorDlg.h">
      <Filter>Header Files</Filter>
    </ClInclude>
    <ClInclude Include="VectorOptionsPage.h">
      <Filter>Header Files</Filter>
    </ClInclude>
    <ClInclude Include="VectorThresholdPage.h">
      <Filter>Header Files</Filter>
    </ClInclude>
    <ClInclude Include="Modflow6DataFilesDlg.h">
      <Filter>Header Files</Filter>
    </ClInclude>
    <ClInclude Include="PathlinesColorPage.h">
      <Filter>Header Files</Filter>
    </ClInclude>
    <ClInclude Include="GridDisplayPage.h">
      <Filter>Header Files</Filter>
    </ClInclude>
  </ItemGroup>
  <ItemGroup>
    <CustomBuild Include="res\ModelViewer.ico">
      <Filter>Resource Files</Filter>
    </CustomBuild>
    <CustomBuild Include="res\ModelViewer.rc2">
      <Filter>Resource Files</Filter>
    </CustomBuild>
    <CustomBuild Include="res\MvDoc.ico">
      <Filter>Resource Files</Filter>
    </CustomBuild>
  </ItemGroup>
</Project>