<?xml version="1.0" encoding="utf-8"?>
<Project ToolsVersion="4.0" xmlns="http://schemas.microsoft.com/developer/msbuild/2003">
  <ItemGroup>
    <Filter Include="Source Files">
      <UniqueIdentifier>{4FC737F1-C7A5-4376-A066-2A32D752A2FF}</UniqueIdentifier>
      <Extensions>cpp;c;cc;cxx;def;odl;idl;hpj;bat;asm;asmx</Extensions>
    </Filter>
    <Filter Include="Header Files">
      <UniqueIdentifier>{93995380-89BD-4b04-88EB-625FBE52EBFB}</UniqueIdentifier>
      <Extensions>h;hpp;hxx;hm;inl;inc;xsd</Extensions>
    </Filter>
    <Filter Include="Resource Files">
      <UniqueIdentifier>{67DA6AB6-F800-4c08-8B7A-83BB121AAD01}</UniqueIdentifier>
      <Extensions>rc;ico;cur;bmp;dlg;rc2;rct;bin;rgs;gif;jpg;jpeg;jpe;resx;tiff;tif;png;wav;mfcribbon-ms</Extensions>
    </Filter>
  </ItemGroup>
  <ItemGroup>
    <ClInclude Include="mvManager.h">
      <Filter>Header Files</Filter>
    </ClInclude>
    <ClInclude Include="mvHeader.h">
      <Filter>Header Files</Filter>
    </ClInclude>
    <ClInclude Include="mvGUISettings.h">
      <Filter>Header Files</Filter>
    </ClInclude>
    <ClInclude Include="mvHashTable.h">
      <Filter>Header Files</Filter>
    </ClInclude>
    <ClInclude Include="mvDataSource.h">
      <Filter>Header Files</Filter>
    </ClInclude>
    <ClInclude Include="mvModelList.h">
      <Filter>Header Files</Filter>
    </ClInclude>
    <ClInclude Include="mvUtil.h">
      <Filter>Header Files</Filter>
    </ClInclude>
    <ClInclude Include="mvDisplayObject.h">
      <Filter>Header Files</Filter>
    </ClInclude>
    <ClInclude Include="mvModelFeatures.h">
      <Filter>Header Files</Filter>
    </ClInclude>
    <ClInclude Include="ModpathReader.h">
      <Filter>Header Files</Filter>
    </ClInclude>
    <ClInclude Include="shapefil.h">
      <Filter>Header Files</Filter>
    </ClInclude>
    <ClInclude Include="mvPathlines.h">
      <Filter>Header Files</Filter>
    </ClInclude>
    <ClInclude Include="mvColorTable.h">
      <Filter>Header Files</Filter>
    </ClInclude>
    <ClInclude Include="mvLogColorTable.h">
      <Filter>Header Files</Filter>
    </ClInclude>
    <ClInclude Include="mvOverlay.h">
      <Filter>Header Files</Filter>
    </ClInclude>
    <ClInclude Include="mvDxfReader.h">
      <Filter>Header Files</Filter>
    </ClInclude>
    <ClInclude Include="mvLinkList.h">
      <Filter>Header Files</Filter>
    </ClInclude>
    <ClInclude Include="mvGridLines.h">
      <Filter>Header Files</Filter>
    </ClInclude>
    <ClInclude Include="mvGridShell.h">
      <Filter>Header Files</Filter>
    </ClInclude>
    <ClInclude Include="mvAxes.h">
      <Filter>Header Files</Filter>
    </ClInclude>
    <ClInclude Include="mvBoundingBox.h">
      <Filter>Header Files</Filter>
    </ClInclude>
    <ClInclude Include="mvColorBar.h">
      <Filter>Header Files</Filter>
    </ClInclude>
    <ClInclude Include="mvDisplayText.h">
      <Filter>Header Files</Filter>
    </ClInclude>
    <ClInclude Include="mvCustomAppendPolyData.h">
      <Filter>Header Files</Filter>
    </ClInclude>
    <ClInclude Include="Modflow6DataSource.h">
      <Filter>Header Files</Filter>
    </ClInclude>
    <ClInclude Include="mvGridLayer.h">
      <Filter>Header Files</Filter>
    </ClInclude>
    <ClInclude Include="mvClipBox.h">
      <Filter>Header Files</Filter>
    </ClInclude>
    <ClInclude Include="mvDefine.h">
      <Filter>Header Files</Filter>
    </ClInclude>
  </ItemGroup>
  <ItemGroup>
    <ClCompile Include="mvManager.cpp">
      <Filter>Source Files</Filter>
    </ClCompile>
    <ClCompile Include="mvGUISettings.cpp">
      <Filter>Source Files</Filter>
    </ClCompile>
    <ClCompile Include="mvHashTable.cpp">
      <Filter>Source Files</Filter>
    </ClCompile>
    <ClCompile Include="mvDataSource.cpp">
      <Filter>Source Files</Filter>
    </ClCompile>
    <ClCompile Include="mvModelList.cpp">
      <Filter>Source Files</Filter>
    </ClCompile>
    <ClCompile Include="mvUtil.cpp">
      <Filter>Source Files</Filter>
    </ClCompile>
    <ClCompile Include="mvDisplayObject.cpp">
      <Filter>Source Files</Filter>
    </ClCompile>
    <ClCompile Include="mvModelFeatures.cpp">
      <Filter>Source Files</Filter>
    </ClCompile>
    <ClCompile Include="ModpathReader.cpp">
      <Filter>Source Files</Filter>
    </ClCompile>
    <ClCompile Include="shpopen.c">
      <Filter>Source Files</Filter>
    </ClCompile>
    <ClCompile Include="mvPathlines.cpp">
      <Filter>Source Files</Filter>
    </ClCompile>
    <ClCompile Include="mvColorTable.cpp">
      <Filter>Source Files</Filter>
    </ClCompile>
    <ClCompile Include="mvLogColorTable.cpp">
      <Filter>Source Files</Filter>
    </ClCompile>
    <ClCompile Include="mvOverlay.cpp">
      <Filter>Source Files</Filter>
    </ClCompile>
    <ClCompile Include="mvDxfReader.cpp">
      <Filter>Source Files</Filter>
    </ClCompile>
    <ClCompile Include="mvLinkList.cpp">
      <Filter>Source Files</Filter>
    </ClCompile>
    <ClCompile Include="mvGridLines.cpp">
      <Filter>Source Files</Filter>
    </ClCompile>
    <ClCompile Include="mvGridShell.cpp">
      <Filter>Source Files</Filter>
    </ClCompile>
    <ClCompile Include="mvAxes.cpp">
      <Filter>Source Files</Filter>
    </ClCompile>
    <ClCompile Include="mvBoundingBox.cpp">
      <Filter>Source Files</Filter>
    </ClCompile>
    <ClCompile Include="mvColorBar.cpp">
      <Filter>Source Files</Filter>
    </ClCompile>
    <ClCompile Include="mvDisplayText.cpp">
      <Filter>Source Files</Filter>
    </ClCompile>
    <ClCompile Include="mvCustomAppendPolyData.cpp">
      <Filter>Source Files</Filter>
    </ClCompile>
    <ClCompile Include="Modflow6DataSource.cpp">
      <Filter>Source Files</Filter>
    </ClCompile>
    <ClCompile Include="mvGridLayer.cpp">
      <Filter>Source Files</Filter>
    </ClCompile>
    <ClCompile Include="mvClipBox.cpp">
      <Filter>Source Files</Filter>
    </ClCompile>
  </ItemGroup>
</Project>